{
  "version": 4,
  "terraform_version": "1.3.8",
  "serial": 28,
  "lineage": "30800b00-3ca1-0be9-2cd9-0e184fc3525f",
  "outputs": {},
  "resources": [
    {
      "mode": "managed",
      "type": "local_file",
      "name": "newpet",
      "provider": "provider[\"registry.terraform.io/hashicorp/local\"]",
      "instances": [
        {
          "index_key": "/Users/raisul/Documents/terraform-local/meta-arguments/cat.txt",
          "schema_version": 0,
          "attributes": {
            "content": "we want justice",
            "content_base64": null,
            "directory_permission": "0777",
            "file_permission": "0777",
            "filename": "/Users/raisul/Documents/terraform-local/meta-arguments/cat.txt",
            "id": "d77a7feea9cbd5ee7f19f56db0d826636bf5a6b1",
            "sensitive_content": null,
            "source": null
          },
          "sensitive_attributes": []
        },
        {
          "index_key": "/Users/raisul/Documents/terraform-local/meta-arguments/crow.txt",
          "schema_version": 0,
          "attributes": {
            "content": "we want justice",
            "content_base64": null,
            "directory_permission": "0777",
            "file_permission": "0777",
            "filename": "/Users/raisul/Documents/terraform-local/meta-arguments/crow.txt",
            "id": "d77a7feea9cbd5ee7f19f56db0d826636bf5a6b1",
            "sensitive_content": null,
            "source": null
          },
          "sensitive_attributes": []
        },
        {
          "index_key": "/Users/raisul/Documents/terraform-local/meta-arguments/dog.txt",
          "schema_version": 0,
          "attributes": {
            "content": "we want justice",
            "content_base64": null,
            "directory_permission": "0777",
            "file_permission": "0777",
            "filename": "/Users/raisul/Documents/terraform-local/meta-arguments/dog.txt",
            "id": "d77a7feea9cbd5ee7f19f56db0d826636bf5a6b1",
            "sensitive_content": null,
            "source": null
          },
          "sensitive_attributes": []
        }
      ]
    }
  ],
  "check_results": null
}
