{
  "version": 4,
  "terraform_version": "1.3.8",
  "serial": 9,
  "lineage": "30800b00-3ca1-0be9-2cd9-0e184fc3525f",
  "outputs": {},
  "resources": [
    {
      "mode": "managed",
      "type": "local_file",
      "name": "pet",
      "provider": "provider[\"registry.terraform.io/hashicorp/local\"]",
      "instances": [
        {
          "index_key": 0,
          "schema_version": 0,
          "attributes": {
            "content": "hello world!",
            "content_base64": null,
            "directory_permission": "0777",
            "file_permission": "0777",
            "filename": "/Users/raisul/Documents/terraform-local/meta-arguments/pet.txt",
            "id": "430ce34d020724ed75a196dfc2ad67c77772d169",
            "sensitive_content": null,
            "source": null
          },
          "sensitive_attributes": []
        },
        {
          "index_key": 1,
          "schema_version": 0,
          "attributes": {
            "content": "hello world!",
            "content_base64": null,
            "directory_permission": "0777",
            "file_permission": "0777",
            "filename": "/Users/raisul/Documents/terraform-local/meta-arguments/dog.txt",
            "id": "430ce34d020724ed75a196dfc2ad67c77772d169",
            "sensitive_content": null,
            "source": null
          },
          "sensitive_attributes": []
        },
        {
          "index_key": 2,
          "schema_version": 0,
          "attributes": {
            "content": "hello world!",
            "content_base64": null,
            "directory_permission": "0777",
            "file_permission": "0777",
            "filename": "/Users/raisul/Documents/terraform-local/meta-arguments/cat.txt",
            "id": "430ce34d020724ed75a196dfc2ad67c77772d169",
            "sensitive_content": null,
            "source": null
          },
          "sensitive_attributes": []
        },
        {
          "index_key": 3,
          "schema_version": 0,
          "attributes": {
            "content": "hello world!",
            "content_base64": null,
            "directory_permission": "0777",
            "file_permission": "0777",
            "filename": "/Users/raisul/Documents/terraform-local/meta-arguments/crow.txt",
            "id": "430ce34d020724ed75a196dfc2ad67c77772d169",
            "sensitive_content": null,
            "source": null
          },
          "sensitive_attributes": []
        }
      ]
    }
  ],
  "check_results": null
}
