{
  "version": 4,
  "terraform_version": "1.3.8",
  "serial": 1,
  "lineage": "82102632-3044-8619-0570-252b9a5e2ce5",
  "outputs": {},
  "resources": [
    {
      "mode": "managed",
      "type": "local_file",
      "name": "pets",
      "provider": "provider[\"registry.terraform.io/hashicorp/local\"]",
      "instances": [
        {
          "schema_version": 0,
          "attributes": {
            "content": "we love pets!",
            "content_base64": null,
            "directory_permission": "0777",
            "file_permission": "0777",
            "filename": "/Users/raisul/Documents/terraform-local/pets.txt",
            "id": "fefacccdae259f25533749abfb90e27558256459",
            "sensitive_content": null,
            "source": null
          },
          "sensitive_attributes": []
        }
      ]
    }
  ],
  "check_results": null
}
